{
  "name": "rainbird-api",
  "version": "1.3.0",
  "lockfileVersion": 1,
  "requires": true,
  "dependencies": {
    "@types/node": {
      "version": "12.0.2",
      "resolved": "https://registry.npmjs.org/@types/node/-/node-12.0.2.tgz",
      "integrity": "sha512-5tabW/i+9mhrfEOUcLDu2xBPsHJ+X5Orqy9FKpale3SjDA17j5AEpYq5vfy3oAeAHGcvANRCO3NV3d2D6q3NiA==",
      "dev": true
    },
    "dotenv": {
      "version": "6.0.0",
      "resolved": "https://registry.npmjs.org/dotenv/-/dotenv-6.0.0.tgz",
      "integrity": "sha512-FlWbnhgjtwD+uNLUGHbMykMOYQaTivdHEmYwAKFjn6GKe/CqY0fNae93ZHTd20snh9ZLr8mTzIL9m0APQ1pjQg==",
      "dev": true
    },
    "fetch-ponyfill": {
      "version": "6.0.2",
      "resolved": "https://registry.npmjs.org/fetch-ponyfill/-/fetch-ponyfill-6.0.2.tgz",
      "integrity": "sha512-hBWVb6Z0chjr9r0g4N5uknldAnyFstWTnX6oFxMsL9ZlSL7fa66Keis3y4SCMgpTggY4GeGbB4z3z5g5SmrgkQ==",
      "requires": {
        "node-fetch": "~2.1.0"
      }
    },
    "isomorphic-base64": {
      "version": "1.0.2",
      "resolved": "https://registry.npmjs.org/isomorphic-base64/-/isomorphic-base64-1.0.2.tgz",
      "integrity": "sha1-9Caq6CVpuopOxcpzrSGkSrHueAM="
    },
    "node-fetch": {
      "version": "2.1.2",
      "resolved": "https://registry.npmjs.org/node-fetch/-/node-fetch-2.1.2.tgz",
      "integrity": "sha1-q4hOjn5X44qUR1POxwb3iNF2i7U="
    },
    "typescript": {
      "version": "3.4.5",
      "resolved": "https://registry.npmjs.org/typescript/-/typescript-3.4.5.tgz",
      "integrity": "sha512-YycBxUb49UUhdNMU5aJ7z5Ej2XGmaIBL0x34vZ82fn3hGvD+bgrMrVDpatgz2f7YxUMJxMkbWxJZeAvDxVe7Vw==",
      "dev": true
    }
  }
}
